// !$*UTF8*$!
{
	archiveVersion = 1;
	classes = {
	};
	objectVersion = 50;
	objects = {

/* Begin PBXBuildFile section */
		74A3FEC9238B6D0E008E00E6 /* AppDelegate.swift in Sources */ = {isa = PBXBuildFile; fileRef = 74A3FEC8238B6D0E008E00E6 /* AppDelegate.swift */; };
		74A3FECB238B6D0E008E00E6 /* SceneDelegate.swift in Sources */ = {isa = PBXBuildFile; fileRef = 74A3FECA238B6D0E008E00E6 /* SceneDelegate.swift */; };
		74A3FECD238B6D0E008E00E6 /* ContentView.swift in Sources */ = {isa = PBXBuildFile; fileRef = 74A3FECC238B6D0E008E00E6 /* ContentView.swift */; };
		74A3FECF238B6D0F008E00E6 /* Assets.xcassets in Resources */ = {isa = PBXBuildFile; fileRef = 74A3FECE238B6D0F008E00E6 /* Assets.xcassets */; };
		74A3FED2238B6D0F008E00E6 /* Preview Assets.xcassets in Resources */ = {isa = PBXBuildFile; fileRef = 74A3FED1238B6D0F008E00E6 /* Preview Assets.xcassets */; };
		74A3FED5238B6D0F008E00E6 /* LaunchScreen.storyboard in Resources */ = {isa = PBXBuildFile; fileRef = 74A3FED3238B6D0F008E00E6 /* LaunchScreen.storyboard */; };
		74A3FEE0238B6D10008E00E6 /* bbtagAppTests.swift in Sources */ = {isa = PBXBuildFile; fileRef = 74A3FEDF238B6D10008E00E6 /* bbtagAppTests.swift */; };
		74A3FEEB238B6D10008E00E6 /* bbtagAppUITests.swift in Sources */ = {isa = PBXBuildFile; fileRef = 74A3FEEA238B6D10008E00E6 /* bbtagAppUITests.swift */; };
/* End PBXBuildFile section */

/* Begin PBXContainerItemProxy section */
		74A3FEDC238B6D10008E00E6 /* PBXContainerItemProxy */ = {
			isa = PBXContainerItemProxy;
			containerPortal = 74A3FEBD238B6D0E008E00E6 /* Project object */;
			proxyType = 1;
			remoteGlobalIDString = 74A3FEC4238B6D0E008E00E6;
			remoteInfo = bbtagApp;
		};
		74A3FEE7238B6D10008E00E6 /* PBXContainerItemProxy */ = {
			isa = PBXContainerItemProxy;
			containerPortal = 74A3FEBD238B6D0E008E00E6 /* Project object */;
			proxyType = 1;
			remoteGlobalIDString = 74A3FEC4238B6D0E008E00E6;
			remoteInfo = bbtagApp;
		};
/* End PBXContainerItemProxy section */

/* Begin PBXFileReference section */
		74A3FEC5238B6D0E008E00E6 /* bbtagApp.app */ = {isa = PBXFileReference; explicitFileType = wrapper.application; includeInIndex = 0; path = bbtagApp.app; sourceTree = BUILT_PRODUCTS_DIR; };
		74A3FEC8238B6D0E008E00E6 /* AppDelegate.swift */ = {isa = PBXFileReference; lastKnownFileType = sourcecode.swift; path = AppDelegate.swift; sourceTree = "<group>"; };
		74A3FECA238B6D0E008E00E6 /* SceneDelegate.swift */ = {isa = PBXFileReference; lastKnownFileType = sourcecode.swift; path = SceneDelegate.swift; sourceTree = "<group>"; };
		74A3FECC238B6D0E008E00E6 /* ContentView.swift */ = {isa = PBXFileReference; lastKnownFileType = sourcecode.swift; path = ContentView.swift; sourceTree = "<group>"; };
		74A3FECE238B6D0F008E00E6 /* Assets.xcassets */ = {isa = PBXFileReference; lastKnownFileType = folder.assetcatalog; path = Assets.xcassets; sourceTree = "<group>"; };
		74A3FED1238B6D0F008E00E6 /* Preview Assets.xcassets */ = {isa = PBXFileReference; lastKnownFileType = folder.assetcatalog; path = "Preview Assets.xcassets"; sourceTree = "<group>"; };
		74A3FED4238B6D0F008E00E6 /* Base */ = {isa = PBXFileReference; lastKnownFileType = file.storyboard; name = Base; path = Base.lproj/LaunchScreen.storyboard; sourceTree = "<group>"; };
		74A3FED6238B6D0F008E00E6 /* Info.plist */ = {isa = PBXFileReference; lastKnownFileType = text.plist.xml; path = Info.plist; sourceTree = "<group>"; };
		74A3FEDB238B6D10008E00E6 /* bbtagAppTests.xctest */ = {isa = PBXFileReference; explicitFileType = wrapper.cfbundle; includeInIndex = 0; path = bbtagAppTests.xctest; sourceTree = BUILT_PRODUCTS_DIR; };
		74A3FEDF238B6D10008E00E6 /* bbtagAppTests.swift */ = {isa = PBXFileReference; lastKnownFileType = sourcecode.swift; path = bbtagAppTests.swift; sourceTree = "<group>"; };
		74A3FEE1238B6D10008E00E6 /* Info.plist */ = {isa = PBXFileReference; lastKnownFileType = text.plist.xml; path = Info.plist; sourceTree = "<group>"; };
		74A3FEE6238B6D10008E00E6 /* bbtagAppUITests.xctest */ = {isa = PBXFileReference; explicitFileType = wrapper.cfbundle; includeInIndex = 0; path = bbtagAppUITests.xctest; sourceTree = BUILT_PRODUCTS_DIR; };
		74A3FEEA238B6D10008E00E6 /* bbtagAppUITests.swift */ = {isa = PBXFileReference; lastKnownFileType = sourcecode.swift; path = bbtagAppUITests.swift; sourceTree = "<group>"; };
		74A3FEEC238B6D10008E00E6 /* Info.plist */ = {isa = PBXFileReference; lastKnownFileType = text.plist.xml; path = Info.plist; sourceTree = "<group>"; };
/* End PBXFileReference section */

/* Begin PBXFrameworksBuildPhase section */
		74A3FEC2238B6D0E008E00E6 /* Frameworks */ = {
			isa = PBXFrameworksBuildPhase;
			buildActionMask = 2147483647;
			files = (
			);
			runOnlyForDeploymentPostprocessing = 0;
		};
		74A3FED8238B6D10008E00E6 /* Frameworks */ = {
			isa = PBXFrameworksBuildPhase;
			buildActionMask = 2147483647;
			files = (
			);
			runOnlyForDeploymentPostprocessing = 0;
		};
		74A3FEE3238B6D10008E00E6 /* Frameworks */ = {
			isa = PBXFrameworksBuildPhase;
			buildActionMask = 2147483647;
			files = (
			);
			runOnlyForDeploymentPostprocessing = 0;
		};
/* End PBXFrameworksBuildPhase section */

/* Begin PBXGroup section */
		74A3FEBC238B6D0E008E00E6 = {
			isa = PBXGroup;
			children = (
				74A3FEC7238B6D0E008E00E6 /* bbtagApp */,
				74A3FEDE238B6D10008E00E6 /* bbtagAppTests */,
				74A3FEE9238B6D10008E00E6 /* bbtagAppUITests */,
				74A3FEC6238B6D0E008E00E6 /* Products */,
			);
			sourceTree = "<group>";
		};
		74A3FEC6238B6D0E008E00E6 /* Products */ = {
			isa = PBXGroup;
			children = (
				74A3FEC5238B6D0E008E00E6 /* bbtagApp.app */,
				74A3FEDB238B6D10008E00E6 /* bbtagAppTests.xctest */,
				74A3FEE6238B6D10008E00E6 /* bbtagAppUITests.xctest */,
			);
			name = Products;
			sourceTree = "<group>";
		};
		74A3FEC7238B6D0E008E00E6 /* bbtagApp */ = {
			isa = PBXGroup;
			children = (
				74A3FEC8238B6D0E008E00E6 /* AppDelegate.swift */,
				74A3FECA238B6D0E008E00E6 /* SceneDelegate.swift */,
				74A3FECC238B6D0E008E00E6 /* ContentView.swift */,
				74A3FECE238B6D0F008E00E6 /* Assets.xcassets */,
				74A3FED3238B6D0F008E00E6 /* LaunchScreen.storyboard */,
				74A3FED6238B6D0F008E00E6 /* Info.plist */,
				74A3FED0238B6D0F008E00E6 /* Preview Content */,
			);
			path = bbtagApp;
			sourceTree = "<group>";
		};
		74A3FED0238B6D0F008E00E6 /* Preview Content */ = {
			isa = PBXGroup;
			children = (
				74A3FED1238B6D0F008E00E6 /* Preview Assets.xcassets */,
			);
			path = "Preview Content";
			sourceTree = "<group>";
		};
		74A3FEDE238B6D10008E00E6 /* bbtagAppTests */ = {
			isa = PBXGroup;
			children = (
				74A3FEDF238B6D10008E00E6 /* bbtagAppTests.swift */,
				74A3FEE1238B6D10008E00E6 /* Info.plist */,
			);
			path = bbtagAppTests;
			sourceTree = "<group>";
		};
		74A3FEE9238B6D10008E00E6 /* bbtagAppUITests */ = {
			isa = PBXGroup;
			children = (
				74A3FEEA238B6D10008E00E6 /* bbtagAppUITests.swift */,
				74A3FEEC238B6D10008E00E6 /* Info.plist */,
			);
			path = bbtagAppUITests;
			sourceTree = "<group>";
		};
/* End PBXGroup section */

/* Begin PBXNativeTarget section */
		74A3FEC4238B6D0E008E00E6 /* bbtagApp */ = {
			isa = PBXNativeTarget;
			buildConfigurationList = 74A3FEEF238B6D10008E00E6 /* Build configuration list for PBXNativeTarget "bbtagApp" */;
			buildPhases = (
				74A3FEC1238B6D0E008E00E6 /* Sources */,
				74A3FEC2238B6D0E008E00E6 /* Frameworks */,
				74A3FEC3238B6D0E008E00E6 /* Resources */,
			);
			buildRules = (
			);
			dependencies = (
			);
			name = bbtagApp;
			productName = bbtagApp;
			productReference = 74A3FEC5238B6D0E008E00E6 /* bbtagApp.app */;
			productType = "com.apple.product-type.application";
		};
		74A3FEDA238B6D10008E00E6 /* bbtagAppTests */ = {
			isa = PBXNativeTarget;
			buildConfigurationList = 74A3FEF2238B6D10008E00E6 /* Build configuration list for PBXNativeTarget "bbtagAppTests" */;
			buildPhases = (
				74A3FED7238B6D10008E00E6 /* Sources */,
				74A3FED8238B6D10008E00E6 /* Frameworks */,
				74A3FED9238B6D10008E00E6 /* Resources */,
			);
			buildRules = (
			);
			dependencies = (
				74A3FEDD238B6D10008E00E6 /* PBXTargetDependency */,
			);
			name = bbtagAppTests;
			productName = bbtagAppTests;
			productReference = 74A3FEDB238B6D10008E00E6 /* bbtagAppTests.xctest */;
			productType = "com.apple.product-type.bundle.unit-test";
		};
		74A3FEE5238B6D10008E00E6 /* bbtagAppUITests */ = {
			isa = PBXNativeTarget;
			buildConfigurationList = 74A3FEF5238B6D10008E00E6 /* Build configuration list for PBXNativeTarget "bbtagAppUITests" */;
			buildPhases = (
				74A3FEE2238B6D10008E00E6 /* Sources */,
				74A3FEE3238B6D10008E00E6 /* Frameworks */,
				74A3FEE4238B6D10008E00E6 /* Resources */,
			);
			buildRules = (
			);
			dependencies = (
				74A3FEE8238B6D10008E00E6 /* PBXTargetDependency */,
			);
			name = bbtagAppUITests;
			productName = bbtagAppUITests;
			productReference = 74A3FEE6238B6D10008E00E6 /* bbtagAppUITests.xctest */;
			productType = "com.apple.product-type.bundle.ui-testing";
		};
/* End PBXNativeTarget section */

/* Begin PBXProject section */
		74A3FEBD238B6D0E008E00E6 /* Project object */ = {
			isa = PBXProject;
			attributes = {
				LastSwiftUpdateCheck = 1120;
				LastUpgradeCheck = 1120;
				ORGANIZATIONNAME = "佐藤秀輔";
				TargetAttributes = {
					74A3FEC4238B6D0E008E00E6 = {
						CreatedOnToolsVersion = 11.2.1;
					};
					74A3FEDA238B6D10008E00E6 = {
						CreatedOnToolsVersion = 11.2.1;
						TestTargetID = 74A3FEC4238B6D0E008E00E6;
					};
					74A3FEE5238B6D10008E00E6 = {
						CreatedOnToolsVersion = 11.2.1;
						TestTargetID = 74A3FEC4238B6D0E008E00E6;
					};
				};
			};
			buildConfigurationList = 74A3FEC0238B6D0E008E00E6 /* Build configuration list for PBXProject "bbtagApp" */;
			compatibilityVersion = "Xcode 9.3";
			developmentRegion = en;
			hasScannedForEncodings = 0;
			knownRegions = (
				en,
				Base,
			);
			mainGroup = 74A3FEBC238B6D0E008E00E6;
			productRefGroup = 74A3FEC6238B6D0E008E00E6 /* Products */;
			projectDirPath = "";
			projectRoot = "";
			targets = (
				74A3FEC4238B6D0E008E00E6 /* bbtagApp */,
				74A3FEDA238B6D10008E00E6 /* bbtagAppTests */,
				74A3FEE5238B6D10008E00E6 /* bbtagAppUITests */,
			);
		};
/* End PBXProject section */

/* Begin PBXResourcesBuildPhase section */
		74A3FEC3238B6D0E008E00E6 /* Resources */ = {
			isa = PBXResourcesBuildPhase;
			buildActionMask = 2147483647;
			files = (
				74A3FED5238B6D0F008E00E6 /* LaunchScreen.storyboard in Resources */,
				74A3FED2238B6D0F008E00E6 /* Preview Assets.xcassets in Resources */,
				74A3FECF238B6D0F008E00E6 /* Assets.xcassets in Resources */,
			);
			runOnlyForDeploymentPostprocessing = 0;
		};
		74A3FED9238B6D10008E00E6 /* Resources */ = {
			isa = PBXResourcesBuildPhase;
			buildActionMask = 2147483647;
			files = (
			);
			runOnlyForDeploymentPostprocessing = 0;
		};
		74A3FEE4238B6D10008E00E6 /* Resources */ = {
			isa = PBXResourcesBuildPhase;
			buildActionMask = 2147483647;
			files = (
			);
			runOnlyForDeploymentPostprocessing = 0;
		};
/* End PBXResourcesBuildPhase section */

/* Begin PBXSourcesBuildPhase section */
		74A3FEC1238B6D0E008E00E6 /* Sources */ = {
			isa = PBXSourcesBuildPhase;
			buildActionMask = 2147483647;
			files = (
				74A3FEC9238B6D0E008E00E6 /* AppDelegate.swift in Sources */,
				74A3FECB238B6D0E008E00E6 /* SceneDelegate.swift in Sources */,
				74A3FECD238B6D0E008E00E6 /* ContentView.swift in Sources */,
			);
			runOnlyForDeploymentPostprocessing = 0;
		};
		74A3FED7238B6D10008E00E6 /* Sources */ = {
			isa = PBXSourcesBuildPhase;
			buildActionMask = 2147483647;
			files = (
				74A3FEE0238B6D10008E00E6 /* bbtagAppTests.swift in Sources */,
			);
			runOnlyForDeploymentPostprocessing = 0;
		};
		74A3FEE2238B6D10008E00E6 /* Sources */ = {
			isa = PBXSourcesBuildPhase;
			buildActionMask = 2147483647;
			files = (
				74A3FEEB238B6D10008E00E6 /* bbtagAppUITests.swift in Sources */,
			);
			runOnlyForDeploymentPostprocessing = 0;
		};
/* End PBXSourcesBuildPhase section */

/* Begin PBXTargetDependency section */
		74A3FEDD238B6D10008E00E6 /* PBXTargetDependency */ = {
			isa = PBXTargetDependency;
			target = 74A3FEC4238B6D0E008E00E6 /* bbtagApp */;
			targetProxy = 74A3FEDC238B6D10008E00E6 /* PBXContainerItemProxy */;
		};
		74A3FEE8238B6D10008E00E6 /* PBXTargetDependency */ = {
			isa = PBXTargetDependency;
			target = 74A3FEC4238B6D0E008E00E6 /* bbtagApp */;
			targetProxy = 74A3FEE7238B6D10008E00E6 /* PBXContainerItemProxy */;
		};
/* End PBXTargetDependency section */

/* Begin PBXVariantGroup section */
		74A3FED3238B6D0F008E00E6 /* LaunchScreen.storyboard */ = {
			isa = PBXVariantGroup;
			children = (
				74A3FED4238B6D0F008E00E6 /* Base */,
			);
			name = LaunchScreen.storyboard;
			sourceTree = "<group>";
		};
/* End PBXVariantGroup section */

/* Begin XCBuildConfiguration section */
		74A3FEED238B6D10008E00E6 /* Debug */ = {
			isa = XCBuildConfiguration;
			buildSettings = {
				ALWAYS_SEARCH_USER_PATHS = NO;
				CLANG_ANALYZER_NONNULL = YES;
				CLANG_ANALYZER_NUMBER_OBJECT_CONVERSION = YES_AGGRESSIVE;
				CLANG_CXX_LANGUAGE_STANDARD = "gnu++14";
				CLANG_CXX_LIBRARY = "libc++";
				CLANG_ENABLE_MODULES = YES;
				CLANG_ENABLE_OBJC_ARC = YES;
				CLANG_ENABLE_OBJC_WEAK = YES;
				CLANG_WARN_BLOCK_CAPTURE_AUTORELEASING = YES;
				CLANG_WARN_BOOL_CONVERSION = YES;
				CLANG_WARN_COMMA = YES;
				CLANG_WARN_CONSTANT_CONVERSION = YES;
				CLANG_WARN_DEPRECATED_OBJC_IMPLEMENTATIONS = YES;
				CLANG_WARN_DIRECT_OBJC_ISA_USAGE = YES_ERROR;
				CLANG_WARN_DOCUMENTATION_COMMENTS = YES;
				CLANG_WARN_EMPTY_BODY = YES;
				CLANG_WARN_ENUM_CONVERSION = YES;
				CLANG_WARN_INFINITE_RECURSION = YES;
				CLANG_WARN_INT_CONVERSION = YES;
				CLANG_WARN_NON_LITERAL_NULL_CONVERSION = YES;
				CLANG_WARN_OBJC_IMPLICIT_RETAIN_SELF = YES;
				CLANG_WARN_OBJC_LITERAL_CONVERSION = YES;
				CLANG_WARN_OBJC_ROOT_CLASS = YES_ERROR;
				CLANG_WARN_RANGE_LOOP_ANALYSIS = YES;
				CLANG_WARN_STRICT_PROTOTYPES = YES;
				CLANG_WARN_SUSPICIOUS_MOVE = YES;
				CLANG_WARN_UNGUARDED_AVAILABILITY = YES_AGGRESSIVE;
				CLANG_WARN_UNREACHABLE_CODE = YES;
				CLANG_WARN__DUPLICATE_METHOD_MATCH = YES;
				COPY_PHASE_STRIP = NO;
				DEBUG_INFORMATION_FORMAT = dwarf;
				ENABLE_STRICT_OBJC_MSGSEND = YES;
				ENABLE_TESTABILITY = YES;
				GCC_C_LANGUAGE_STANDARD = gnu11;
				GCC_DYNAMIC_NO_PIC = NO;
				GCC_NO_COMMON_BLOCKS = YES;
				GCC_OPTIMIZATION_LEVEL = 0;
				GCC_PREPROCESSOR_DEFINITIONS = (
					"DEBUG=1",
					"$(inherited)",
				);
				GCC_WARN_64_TO_32_BIT_CONVERSION = YES;
				GCC_WARN_ABOUT_RETURN_TYPE = YES_ERROR;
				GCC_WARN_UNDECLARED_SELECTOR = YES;
				GCC_WARN_UNINITIALIZED_AUTOS = YES_AGGRESSIVE;
				GCC_WARN_UNUSED_FUNCTION = YES;
				GCC_WARN_UNUSED_VARIABLE = YES;
				IPHONEOS_DEPLOYMENT_TARGET = 13.2;
				MTL_ENABLE_DEBUG_INFO = INCLUDE_SOURCE;
				MTL_FAST_MATH = YES;
				ONLY_ACTIVE_ARCH = YES;
				SDKROOT = iphoneos;
				SWIFT_ACTIVE_COMPILATION_CONDITIONS = DEBUG;
				SWIFT_OPTIMIZATION_LEVEL = "-Onone";
			};
			name = Debug;
		};
		74A3FEEE238B6D10008E00E6 /* Release */ = {
			isa = XCBuildConfiguration;
			buildSettings = {
				ALWAYS_SEARCH_USER_PATHS = NO;
				CLANG_ANALYZER_NONNULL = YES;
				CLANG_ANALYZER_NUMBER_OBJECT_CONVERSION = YES_AGGRESSIVE;
				CLANG_CXX_LANGUAGE_STANDARD = "gnu++14";
				CLANG_CXX_LIBRARY = "libc++";
				CLANG_ENABLE_MODULES = YES;
				CLANG_ENABLE_OBJC_ARC = YES;
				CLANG_ENABLE_OBJC_WEAK = YES;
				CLANG_WARN_BLOCK_CAPTURE_AUTORELEASING = YES;
				CLANG_WARN_BOOL_CONVERSION = YES;
				CLANG_WARN_COMMA = YES;
				CLANG_WARN_CONSTANT_CONVERSION = YES;
				CLANG_WARN_DEPRECATED_OBJC_IMPLEMENTATIONS = YES;
				CLANG_WARN_DIRECT_OBJC_ISA_USAGE = YES_ERROR;
				CLANG_WARN_DOCUMENTATION_COMMENTS = YES;
				CLANG_WARN_EMPTY_BODY = YES;
				CLANG_WARN_ENUM_CONVERSION = YES;
				CLANG_WARN_INFINITE_RECURSION = YES;
				CLANG_WARN_INT_CONVERSION = YES;
				CLANG_WARN_NON_LITERAL_NULL_CONVERSION = YES;
				CLANG_WARN_OBJC_IMPLICIT_RETAIN_SELF = YES;
				CLANG_WARN_OBJC_LITERAL_CONVERSION = YES;
				CLANG_WARN_OBJC_ROOT_CLASS = YES_ERROR;
				CLANG_WARN_RANGE_LOOP_ANALYSIS = YES;
				CLANG_WARN_STRICT_PROTOTYPES = YES;
				CLANG_WARN_SUSPICIOUS_MOVE = YES;
				CLANG_WARN_UNGUARDED_AVAILABILITY = YES_AGGRESSIVE;
				CLANG_WARN_UNREACHABLE_CODE = YES;
				CLANG_WARN__DUPLICATE_METHOD_MATCH = YES;
				COPY_PHASE_STRIP = NO;
				DEBUG_INFORMATION_FORMAT = "dwarf-with-dsym";
				ENABLE_NS_ASSERTIONS = NO;
				ENABLE_STRICT_OBJC_MSGSEND = YES;
				GCC_C_LANGUAGE_STANDARD = gnu11;
				GCC_NO_COMMON_BLOCKS = YES;
				GCC_WARN_64_TO_32_BIT_CONVERSION = YES;
				GCC_WARN_ABOUT_RETURN_TYPE = YES_ERROR;
				GCC_WARN_UNDECLARED_SELECTOR = YES;
				GCC_WARN_UNINITIALIZED_AUTOS = YES_AGGRESSIVE;
				GCC_WARN_UNUSED_FUNCTION = YES;
				GCC_WARN_UNUSED_VARIABLE = YES;
				IPHONEOS_DEPLOYMENT_TARGET = 13.2;
				MTL_ENABLE_DEBUG_INFO = NO;
				MTL_FAST_MATH = YES;
				SDKROOT = iphoneos;
				SWIFT_COMPILATION_MODE = wholemodule;
				SWIFT_OPTIMIZATION_LEVEL = "-O";
				VALIDATE_PRODUCT = YES;
			};
			name = Release;
		};
		74A3FEF0238B6D10008E00E6 /* Debug */ = {
			isa = XCBuildConfiguration;
			buildSettings = {
				ASSETCATALOG_COMPILER_APPICON_NAME = AppIcon;
				CODE_SIGN_STYLE = Automatic;
				DEVELOPMENT_ASSET_PATHS = "\"bbtagApp/Preview Content\"";
				DEVELOPMENT_TEAM = 74E88WDMAH;
				ENABLE_PREVIEWS = YES;
				INFOPLIST_FILE = bbtagApp/Info.plist;
				LD_RUNPATH_SEARCH_PATHS = (
					"$(inherited)",
					"@executable_path/Frameworks",
				);
				PRODUCT_BUNDLE_IDENTIFIER = com.github.sattotto.bbtagApp;
				PRODUCT_NAME = "$(TARGET_NAME)";
				SWIFT_VERSION = 5.0;
				TARGETED_DEVICE_FAMILY = "1,2";
			};
			name = Debug;
		};
		74A3FEF1238B6D10008E00E6 /* Release */ = {
			isa = XCBuildConfiguration;
			buildSettings = {
				ASSETCATALOG_COMPILER_APPICON_NAME = AppIcon;
				CODE_SIGN_STYLE = Automatic;
				DEVELOPMENT_ASSET_PATHS = "\"bbtagApp/Preview Content\"";
				DEVELOPMENT_TEAM = 74E88WDMAH;
				ENABLE_PREVIEWS = YES;
				INFOPLIST_FILE = bbtagApp/Info.plist;
				LD_RUNPATH_SEARCH_PATHS = (
					"$(inherited)",
					"@executable_path/Frameworks",
				);
				PRODUCT_BUNDLE_IDENTIFIER = com.github.sattotto.bbtagApp;
				PRODUCT_NAME = "$(TARGET_NAME)";
				SWIFT_VERSION = 5.0;
				TARGETED_DEVICE_FAMILY = "1,2";
			};
			name = Release;
		};
		74A3FEF3238B6D10008E00E6 /* Debug */ = {
			isa = XCBuildConfiguration;
			buildSettings = {
				ALWAYS_EMBED_SWIFT_STANDARD_LIBRARIES = YES;
				BUNDLE_LOADER = "$(TEST_HOST)";
				CODE_SIGN_STYLE = Automatic;
				DEVELOPMENT_TEAM = 74E88WDMAH;
				INFOPLIST_FILE = bbtagAppTests/Info.plist;
				IPHONEOS_DEPLOYMENT_TARGET = 13.2;
				LD_RUNPATH_SEARCH_PATHS = (
					"$(inherited)",
					"@executable_path/Frameworks",
					"@loader_path/Frameworks",
				);
				PRODUCT_BUNDLE_IDENTIFIER = com.github.sattotto.bbtagAppTests;
				PRODUCT_NAME = "$(TARGET_NAME)";
				SWIFT_VERSION = 5.0;
				TARGETED_DEVICE_FAMILY = "1,2";
				TEST_HOST = "$(BUILT_PRODUCTS_DIR)/bbtagApp.app/bbtagApp";
			};
			name = Debug;
		};
		74A3FEF4238B6D10008E00E6 /* Release */ = {
			isa = XCBuildConfiguration;
			buildSettings = {
				ALWAYS_EMBED_SWIFT_STANDARD_LIBRARIES = YES;
				BUNDLE_LOADER = "$(TEST_HOST)";
				CODE_SIGN_STYLE = Automatic;
				DEVELOPMENT_TEAM = 74E88WDMAH;
				INFOPLIST_FILE = bbtagAppTests/Info.plist;
				IPHONEOS_DEPLOYMENT_TARGET = 13.2;
				LD_RUNPATH_SEARCH_PATHS = (
					"$(inherited)",
					"@executable_path/Frameworks",
					"@loader_path/Frameworks",
				);
				PRODUCT_BUNDLE_IDENTIFIER = com.github.sattotto.bbtagAppTests;
				PRODUCT_NAME = "$(TARGET_NAME)";
				SWIFT_VERSION = 5.0;
				TARGETED_DEVICE_FAMILY = "1,2";
				TEST_HOST = "$(BUILT_PRODUCTS_DIR)/bbtagApp.app/bbtagApp";
			};
			name = Release;
		};
		74A3FEF6238B6D10008E00E6 /* Debug */ = {
			isa = XCBuildConfiguration;
			buildSettings = {
				ALWAYS_EMBED_SWIFT_STANDARD_LIBRARIES = YES;
				CODE_SIGN_STYLE = Automatic;
				DEVELOPMENT_TEAM = 74E88WDMAH;
				INFOPLIST_FILE = bbtagAppUITests/Info.plist;
				LD_RUNPATH_SEARCH_PATHS = (
					"$(inherited)",
					"@executable_path/Frameworks",
					"@loader_path/Frameworks",
				);
				PRODUCT_BUNDLE_IDENTIFIER = com.github.sattotto.bbtagAppUITests;
				PRODUCT_NAME = "$(TARGET_NAME)";
				SWIFT_VERSION = 5.0;
				TARGETED_DEVICE_FAMILY = "1,2";
				TEST_TARGET_NAME = bbtagApp;
			};
			name = Debug;
		};
		74A3FEF7238B6D10008E00E6 /* Release */ = {
			isa = XCBuildConfiguration;
			buildSettings = {
				ALWAYS_EMBED_SWIFT_STANDARD_LIBRARIES = YES;
				CODE_SIGN_STYLE = Automatic;
				DEVELOPMENT_TEAM = 74E88WDMAH;
				INFOPLIST_FILE = bbtagAppUITests/Info.plist;
				LD_RUNPATH_SEARCH_PATHS = (
					"$(inherited)",
					"@executable_path/Frameworks",
					"@loader_path/Frameworks",
				);
				PRODUCT_BUNDLE_IDENTIFIER = com.github.sattotto.bbtagAppUITests;
				PRODUCT_NAME = "$(TARGET_NAME)";
				SWIFT_VERSION = 5.0;
				TARGETED_DEVICE_FAMILY = "1,2";
				TEST_TARGET_NAME = bbtagApp;
			};
			name = Release;
		};
/* End XCBuildConfiguration section */

/* Begin XCConfigurationList section */
		74A3FEC0238B6D0E008E00E6 /* Build configuration list for PBXProject "bbtagApp" */ = {
			isa = XCConfigurationList;
			buildConfigurations = (
				74A3FEED238B6D10008E00E6 /* Debug */,
				74A3FEEE238B6D10008E00E6 /* Release */,
			);
			defaultConfigurationIsVisible = 0;
			defaultConfigurationName = Release;
		};
		74A3FEEF238B6D10008E00E6 /* Build configuration list for PBXNativeTarget "bbtagApp" */ = {
			isa = XCConfigurationList;
			buildConfigurations = (
				74A3FEF0238B6D10008E00E6 /* Debug */,
				74A3FEF1238B6D10008E00E6 /* Release */,
			);
			defaultConfigurationIsVisible = 0;
			defaultConfigurationName = Release;
		};
		74A3FEF2238B6D10008E00E6 /* Build configuration list for PBXNativeTarget "bbtagAppTests" */ = {
			isa = XCConfigurationList;
			buildConfigurations = (
				74A3FEF3238B6D10008E00E6 /* Debug */,
				74A3FEF4238B6D10008E00E6 /* Release */,
			);
			defaultConfigurationIsVisible = 0;
			defaultConfigurationName = Release;
		};
		74A3FEF5238B6D10008E00E6 /* Build configuration list for PBXNativeTarget "bbtagAppUITests" */ = {
			isa = XCConfigurationList;
			buildConfigurations = (
				74A3FEF6238B6D10008E00E6 /* Debug */,
				74A3FEF7238B6D10008E00E6 /* Release */,
			);
			defaultConfigurationIsVisible = 0;
			defaultConfigurationName = Release;
		};
/* End XCConfigurationList section */
	};
	rootObject = 74A3FEBD238B6D0E008E00E6 /* Project object */;
}
